{
  "name": "musicverse-streaming",
  "version": "1.0.0",
  "lockfileVersion": 3,
  "requires": true,
  "packages": {
    "": {
      "name": "musicverse-streaming",
      "version": "1.0.0",
      "license": "UNLICENSED",
      "dependencies": {
        "howler": "^2.2.4",
        "three": "^0.160.0"
      }
    },
    "node_modules/howler": {
      "version": "2.2.4",
      "resolved": "https://registry.npmjs.org/howler/-/howler-2.2.4.tgz",
      "integrity": "sha512-py/a1qL7ptffnCObKsh/6mCqY1gYgV3F/Q71n+Ym8s4h42eNqG67f2u+X1aPqf79oFw+8a+e1+a1a1a=="
    },
    "node_modules/three": {
      "version": "0.160.0",
      "resolved": "https://registry.npmjs.org/three/-/three-0.160.0.tgz",
      "integrity": "sha512-v9f+HqVq2WvU1XhL64b9Z55S+hE/H8F7X4h8q+6h5g8a7f0w="
    }
  }
}
