# This file is automatically generated by Poetry to pin dependencies.
[[package]]
name = "django"
version = "5.0.2"
description = "A high-level Python web framework that encourages rapid development and clean, pragmatic design."
optional = false
python-versions = ">=3.10"
files = []

[[package]]
name = "mutagen"
version = "1.47.0"
description = "An audio metadata library"
optional = false
python-versions = ">=3.7"
files = []

[[package]]
name = "pillow"
version = "10.2.0"
description = "Python Imaging Library (Fork)"
optional = false
python-versions = ">=3.8"
files = []

[metadata]
lock-version = "2.0"
python-versions = ">=3.11"
content-hash = "e3b0c44298fc1c149afbf4c8996fb92427ae41e4649b934ca495991b7852b855"
